version = 1
revision = 3
requires-python = ">=3.12"

[[package]]
name = "cmake"
version = "4.4.2"
source = { registry = "https://pypi.org/simple" }
sdist = { url = "https://files.pythonhosted.org/packages/44/ea/206baf6fd51a47790f766a24fa4514cd39c31b26ab934376f29a4aa458e5/cmake-4.4.2.tar.gz", hash = "sha256:6af2e0585239627f85f49a8f90761ce4560c671daae1d5e8d2b5f059dc7d22de", size = 34953, upload-time = "2026-08-04T06:14:49.786Z" }
wheels = [
    { url = "https://files.pythonhosted.org/packages/30/5a/578888a6713994abfd97db756c937ce5ced44fa6280e7b7d452eebb8aa83/cmake-4.4.2-py3-none-macosx_10_10_universal2.whl", hash = "sha256:7a0279d3006c961ba1d62fe4383919ebcb7b770fb3357f6ae1309ca89210183b", size = 54414035, upload-time = "2026-08-04T06:13:31.175Z" },
    { url = "https://files.pythonhosted.org/packages/0f/4f/925a2a60ae544791599e2fb14d3619d979511a56518e512081e7ef4b5f8d/cmake-4.4.2-py3-none-manylinux2014_aarch64.manylinux_2_17_aarch64.whl", hash = "sha256:fc9d9f95dc9a542db99ca96cba1c275adeeb497ff2e134c780a9677b8578bd05", size = 30288280, upload-time = "2026-08-04T06:13:35.675Z" },
    { url = "https://files.pythonhosted.org/packages/2a/76/6f4327771875666f95c4f4c56a53fc25eaac8e027e3144b37ec827ed3818/cmake-4.4.2-py3-none-manylinux2014_i686.manylinux_2_17_i686.whl", hash = "sha256:b0a9bb2fa889773c3ff719130064de28edd36fd3e916b46e576243a6f16f033f", size = 31466224, upload-time = "2026-08-04T06:13:39.268Z" },
    { url = "https://files.pythonhosted.org/packages/e1/8f/f5a8bb6e7e86947b6810d2b2685710ed8332c2ab8766c6e3121d17cee59e/cmake-4.4.2-py3-none-manylinux2014_ppc64le.manylinux_2_17_ppc64le.whl", hash = "sha256:93b06166210e478783e3078612144700d44e0492fe7efd6fcd00e4061bc709a6", size = 31225510, upload-time = "2026-08-04T06:13:43.367Z" },
    { url = "https://files.pythonhosted.org/packages/a0/57/ebd7a6f429a6d5b9cf87a8fe16f17851aa9b3ce78af5b58af3c5e41ac939/cmake-4.4.2-py3-none-manylinux2014_s390x.manylinux_2_17_s390x.whl", hash = "sha256:ea5c206308f8eefc0be7cbeeee93b8b192b6af7338741b6d12fe387234bb7920", size = 29098755, upload-time = "2026-08-04T06:13:47.102Z" },
    { url = "https://files.pythonhosted.org/packages/5d/b7/b8d0b15f57b37ac5b9e374169471f045da3a715b7f0f3af681011415d972/cmake-4.4.2-py3-none-manylinux2014_x86_64.manylinux_2_17_x86_64.whl", hash = "sha256:27b024e903ef985b37183d754a5c61230b56b41fe0971cd44b71b80c787ec594", size = 30230879, upload-time = "2026-08-04T06:13:50.678Z" },
    { url = "https://files.pythonhosted.org/packages/3b/91/1d72e960d27edbcc3f02bedd3890c4096bbaaf9dbcb7d86f678d2082fe90/cmake-4.4.2-py3-none-manylinux_2_31_armv7l.whl", hash = "sha256:a3580e0c30755c36b48edbbf471aaeb5d07858de0281e58a4a598dfa52a0f05d", size = 27319760, upload-time = "2026-08-04T06:13:54.468Z" },
    { url = "https://files.pythonhosted.org/packages/3b/f7/dc27806fdee158ca3f30d043ef1c1b18b5f846266d5adf4989d97cc571cc/cmake-4.4.2-py3-none-manylinux_2_31_riscv64.whl", hash = "sha256:e58296c6e0c04dec37fc28cbf56ca7150646c948dddab2b0d6f8a0a466e7f1ca", size = 27432198, upload-time = "2026-08-04T06:13:58.614Z" },
    { url = "https://files.pythonhosted.org/packages/97/ff/b3f135c8a28a2ee2b57c2f671342a0c0f3cb1b78ea62a633815483eb4acd/cmake-4.4.2-py3-none-musllinux_1_2_aarch64.whl", hash = "sha256:00a0a207efc83019b55f617b93b2592c2616aebd9c4eeab83ec076dc2a9b84a4", size = 39474065, upload-time = "2026-08-04T06:14:03.472Z" },
    { url = "https://files.pythonhosted.org/packages/b1/b5/463afc4ec6ae535661d6a50918efff9e165ef4793ae6c14c376f0660d756/cmake-4.4.2-py3-none-musllinux_1_2_armv7l.whl", hash = "sha256:0220135cceb78530e79e2b5cd0392672e4c524178db768a5f940ea24520e1359", size = 36109755, upload-time = "2026-08-04T06:14:08.512Z" },
    { url = "https://files.pythonhosted.org/packages/c4/e8/052a01a2c3362d04cb545c456ab26a8776c683f9a97f4082508c6d8cc506/cmake-4.4.2-py3-none-musllinux_1_2_i686.whl", hash = "sha256:4eb0e17af8344d3063ce0c1a38a156eb7bbe3447f984ad12629a40f5c967fedd", size = 42239493, upload-time = "2026-08-04T06:14:14.295Z" },
    { url = "https://files.pythonhosted.org/packages/0e/30/c9b5bcd20411793c26838191a73e0e820da64d8f872ecba5364ebc2a3538/cmake-4.4.2-py3-none-musllinux_1_2_ppc64le.whl", hash = "sha256:00195668e40e5dd0d51244e31d15fabb79b97c5e154f9f78b4240f152198c2eb", size = 41399147, upload-time = "2026-08-04T06:14:19.396Z" },
    { url = "https://files.pythonhosted.org/packages/31/d4/56f18d34b11981031f7bdb0215f05e8e43982d7848dc39a8a96b141d4e6a/cmake-4.4.2-py3-none-musllinux_1_2_riscv64.whl", hash = "sha256:41e2a04663685304222ba03fb5bed8db52480854aa873cbae1478eedf3a8ec1a", size = 36322600, upload-time = "2026-08-04T06:14:24.013Z" },
    { url = "https://files.pythonhosted.org/packages/34/4a/582268f8468d0f49b4b73423364af7ee82dba28eef63886e9c32f34761a2/cmake-4.4.2-py3-none-musllinux_1_2_s390x.whl", hash = "sha256:269f84ede6543c5d65249dd685db6125a962e5928b7eafd0ed3acdd2b600aa9e", size = 38668384, upload-time = "2026-08-04T06:14:28.633Z" },
    { url = "https://files.pythonhosted.org/packages/45/24/620930e1ddf0832ac688e00aad2568dd876d71f3637fa98f917dfec25df0/cmake-4.4.2-py3-none-musllinux_1_2_x86_64.whl", hash = "sha256:e5b51faffe02ca78ed4f6b9afbe6dee8d25ab36e9a9365f510e890a16db76013", size = 39444623, upload-time = "2026-08-04T06:14:33.525Z" },
    { url = "https://files.pythonhosted.org/packages/70/a4/2f2af96afacfb0f4e5fc02f6f491d4cde4ce8e51d914311f2492e22ed8d9/cmake-4.4.2-py3-none-win32.whl", hash = "sha256:109af09f308fd53ddc44bbc23536b6ecb72db53f0218f611efccd9871b19f39f", size = 38774551, upload-time = "2026-08-04T06:14:38.493Z" },
    { url = "https://files.pythonhosted.org/packages/06/9e/3e572a9a8966eec43b6d75b8b8d9543ca2182ec4006a538fb239e004a3cf/cmake-4.4.2-py3-none-win_amd64.whl", hash = "sha256:c28388fe95298486169c45c0ec8bdf067aabcb59273b98a4cdae8be5cd9c74f3", size = 42325289, upload-time = "2026-08-04T06:14:42.919Z" },
    { url = "https://files.pythonhosted.org/packages/c9/b9/2f0b9b355a5293d73db62cefab46a7d0f3b151962d58fb284f340e3685c4/cmake-4.4.2-py3-none-win_arm64.whl", hash = "sha256:1358f355578d19397f87955d4204f737bb399ba36cce59be5853976912836b32", size = 40497534, upload-time = "2026-08-04T06:14:47.366Z" },
]

[[package]]
name = "ninja"
version = "1.13.0"
source = { registry = "https://pypi.org/simple" }
sdist = { url = "https://files.pythonhosted.org/packages/43/73/79a0b22fc731989c708068427579e840a6cf4e937fe7ae5c5d0b7356ac22/ninja-1.13.0.tar.gz", hash = "sha256:4a40ce995ded54d9dc24f8ea37ff3bf62ad192b547f6c7126e7e25045e76f978", size = 242558, upload-time = "2025-08-11T15:10:19.421Z" }
wheels = [
    { url = "https://files.pythonhosted.org/packages/3c/74/d02409ed2aa865e051b7edda22ad416a39d81a84980f544f8de717cab133/ninja-1.13.0-py3-none-macosx_10_9_universal2.whl", hash = "sha256:fa2a8bfc62e31b08f83127d1613d10821775a0eb334197154c4d6067b7068ff1", size = 310125, upload-time = "2025-08-11T15:09:50.971Z" },
    { url = "https://files.pythonhosted.org/packages/8e/de/6e1cd6b84b412ac1ef327b76f0641aeb5dcc01e9d3f9eee0286d0c34fd93/ninja-1.13.0-py3-none-manylinux2014_aarch64.manylinux_2_17_aarch64.whl", hash = "sha256:3d00c692fb717fd511abeb44b8c5d00340c36938c12d6538ba989fe764e79630", size = 177467, upload-time = "2025-08-11T15:09:52.767Z" },
    { url = "https://files.pythonhosted.org/packages/c8/83/49320fb6e58ae3c079381e333575fdbcf1cca3506ee160a2dcce775046fa/ninja-1.13.0-py3-none-manylinux2014_i686.manylinux_2_17_i686.whl", hash = "sha256:be7f478ff9f96a128b599a964fc60a6a87b9fa332ee1bd44fa243ac88d50291c", size = 187834, upload-time = "2025-08-11T15:09:54.115Z" },
    { url = "https://files.pythonhosted.org/packages/56/c7/ba22748fb59f7f896b609cd3e568d28a0a367a6d953c24c461fe04fc4433/ninja-1.13.0-py3-none-manylinux2014_ppc64le.manylinux_2_17_ppc64le.whl", hash = "sha256:60056592cf495e9a6a4bea3cd178903056ecb0943e4de45a2ea825edb6dc8d3e", size = 202736, upload-time = "2025-08-11T15:09:55.745Z" },
    { url = "https://files.pythonhosted.org/packages/79/22/d1de07632b78ac8e6b785f41fa9aad7a978ec8c0a1bf15772def36d77aac/ninja-1.13.0-py3-none-manylinux2014_s390x.manylinux_2_17_s390x.whl", hash = "sha256:1c97223cdda0417f414bf864cfb73b72d8777e57ebb279c5f6de368de0062988", size = 179034, upload-time = "2025-08-11T15:09:57.394Z" },
    { url = "https://files.pythonhosted.org/packages/ed/de/0e6edf44d6a04dabd0318a519125ed0415ce437ad5a1ec9b9be03d9048cf/ninja-1.13.0-py3-none-manylinux2014_x86_64.manylinux_2_17_x86_64.whl", hash = "sha256:fb46acf6b93b8dd0322adc3a4945452a4e774b75b91293bafcc7b7f8e6517dfa", size = 180716, upload-time = "2025-08-11T15:09:58.696Z" },
    { url = "https://files.pythonhosted.org/packages/54/28/938b562f9057aaa4d6bfbeaa05e81899a47aebb3ba6751e36c027a7f5ff7/ninja-1.13.0-py3-none-manylinux_2_28_armv7l.manylinux_2_31_armv7l.whl", hash = "sha256:4be9c1b082d244b1ad7ef41eb8ab088aae8c109a9f3f0b3e56a252d3e00f42c1", size = 146843, upload-time = "2025-08-11T15:10:00.046Z" },
    { url = "https://files.pythonhosted.org/packages/2a/fb/d06a3838de4f8ab866e44ee52a797b5491df823901c54943b2adb0389fbb/ninja-1.13.0-py3-none-manylinux_2_31_riscv64.whl", hash = "sha256:6739d3352073341ad284246f81339a384eec091d9851a886dfa5b00a6d48b3e2", size = 154402, upload-time = "2025-08-11T15:10:01.657Z" },
    { url = "https://files.pythonhosted.org/packages/31/bf/0d7808af695ceddc763cf251b84a9892cd7f51622dc8b4c89d5012779f06/ninja-1.13.0-py3-none-musllinux_1_2_aarch64.whl", hash = "sha256:11be2d22027bde06f14c343f01d31446747dbb51e72d00decca2eb99be911e2f", size = 552388, upload-time = "2025-08-11T15:10:03.349Z" },
    { url = "https://files.pythonhosted.org/packages/9d/70/c99d0c2c809f992752453cce312848abb3b1607e56d4cd1b6cded317351a/ninja-1.13.0-py3-none-musllinux_1_2_armv7l.whl", hash = "sha256:aa45b4037b313c2f698bc13306239b8b93b4680eb47e287773156ac9e9304714", size = 472501, upload-time = "2025-08-11T15:10:04.735Z" },
    { url = "https://files.pythonhosted.org/packages/9f/43/c217b1153f0e499652f5e0766da8523ce3480f0a951039c7af115e224d55/ninja-1.13.0-py3-none-musllinux_1_2_i686.whl", hash = "sha256:5f8e1e8a1a30835eeb51db05cf5a67151ad37542f5a4af2a438e9490915e5b72", size = 638280, upload-time = "2025-08-11T15:10:06.512Z" },
    { url = "https://files.pythonhosted.org/packages/8c/45/9151bba2c8d0ae2b6260f71696330590de5850e5574b7b5694dce6023e20/ninja-1.13.0-py3-none-musllinux_1_2_ppc64le.whl", hash = "sha256:3d7d7779d12cb20c6d054c61b702139fd23a7a964ec8f2c823f1ab1b084150db", size = 642420, upload-time = "2025-08-11T15:10:08.35Z" },
    { url = "https://files.pythonhosted.org/packages/3c/fb/95752eb635bb8ad27d101d71bef15bc63049de23f299e312878fc21cb2da/ninja-1.13.0-py3-none-musllinux_1_2_riscv64.whl", hash = "sha256:d741a5e6754e0bda767e3274a0f0deeef4807f1fec6c0d7921a0244018926ae5", size = 585106, upload-time = "2025-08-11T15:10:09.818Z" },
    { url = "https://files.pythonhosted.org/packages/c1/31/aa56a1a286703800c0cbe39fb4e82811c277772dc8cd084f442dd8e2938a/ninja-1.13.0-py3-none-musllinux_1_2_s390x.whl", hash = "sha256:e8bad11f8a00b64137e9b315b137d8bb6cbf3086fbdc43bf1f90fd33324d2e96", size = 707138, upload-time = "2025-08-11T15:10:11.366Z" },
    { url = "https://files.pythonhosted.org/packages/34/6f/5f5a54a1041af945130abdb2b8529cbef0cdcbbf9bcf3f4195378319d29a/ninja-1.13.0-py3-none-musllinux_1_2_x86_64.whl", hash = "sha256:b4f2a072db3c0f944c32793e91532d8948d20d9ab83da9c0c7c15b5768072200", size = 581758, upload-time = "2025-08-11T15:10:13.295Z" },
    { url = "https://files.pythonhosted.org/packages/95/97/51359c77527d45943fe7a94d00a3843b81162e6c4244b3579fe8fc54cb9c/ninja-1.13.0-py3-none-win32.whl", hash = "sha256:8cfbb80b4a53456ae8a39f90ae3d7a2129f45ea164f43fadfa15dc38c4aef1c9", size = 267201, upload-time = "2025-08-11T15:10:15.158Z" },
    { url = "https://files.pythonhosted.org/packages/29/45/c0adfbfb0b5895aa18cec400c535b4f7ff3e52536e0403602fc1a23f7de9/ninja-1.13.0-py3-none-win_amd64.whl", hash = "sha256:fb8ee8719f8af47fed145cced4a85f0755dd55d45b2bddaf7431fa89803c5f3e", size = 309975, upload-time = "2025-08-11T15:10:16.697Z" },
    { url = "https://files.pythonhosted.org/packages/df/93/a7b983643d1253bb223234b5b226e69de6cda02b76cdca7770f684b795f5/ninja-1.13.0-py3-none-win_arm64.whl", hash = "sha256:3c0b40b1f0bba764644385319028650087b4c1b18cdfa6f45cb39a3669b81aa9", size = 290806, upload-time = "2025-08-11T15:10:18.018Z" },
]

[[package]]
name = "packaging"
version = "26.1"
source = { registry = "https://pypi.org/simple" }
sdist = { url = "https://files.pythonhosted.org/packages/df/de/0d2b39fb4af88a0258f3bac87dfcbb48e73fbdea4a2ed0e2213f9a4c2f9a/packaging-26.1.tar.gz", hash = "sha256:f042152b681c4bfac5cae2742a55e103d27ab2ec0f3d88037136b6bfe7c9c5de", size = 215519, upload-time = "2026-04-14T21:12:49.362Z" }
wheels = [
    { url = "https://files.pythonhosted.org/packages/7a/c2/920ef838e2f0028c8262f16101ec09ebd5969864e5a64c4c05fad0617c56/packaging-26.1-py3-none-any.whl", hash = "sha256:5d9c0669c6285e491e0ced2eee587eaf67b670d94a19e94e3984a481aba6802f", size = 95831, upload-time = "2026-04-14T21:12:47.56Z" },
]

[[package]]
name = "pathspec"
version = "1.0.4"
source = { registry = "https://pypi.org/simple" }
sdist = { url = "https://files.pythonhosted.org/packages/fa/36/e27608899f9b8d4dff0617b2d9ab17ca5608956ca44461ac14ac48b44015/pathspec-1.0.4.tar.gz", hash = "sha256:0210e2ae8a21a9137c0d470578cb0e595af87edaa6ebf12ff176f14a02e0e645", size = 131200, upload-time = "2026-01-27T03:59:46.938Z" }
wheels = [
    { url = "https://files.pythonhosted.org/packages/ef/3c/2c197d226f9ea224a9ab8d197933f9da0ae0aac5b6e0f884e2b8d9c8e9f7/pathspec-1.0.4-py3-none-any.whl", hash = "sha256:fb6ae2fd4e7c921a165808a552060e722767cfa526f99ca5156ed2ce45a5c723", size = 55206, upload-time = "2026-01-27T03:59:45.137Z" },
]

[[package]]
name = "scikit-build-core"
version = "1.0.3"
source = { registry = "https://pypi.org/simple" }
dependencies = [
    { name = "packaging" },
    { name = "pathspec" },
]
sdist = { url = "https://files.pythonhosted.org/packages/8d/7c/0f69b0c7150ce4bcee78c199fe3b7e03a6e01578451bd5d5d1a58beb32f9/scikit_build_core-1.0.3.tar.gz", hash = "sha256:a4d7a05978ee37975c37743510c8991e2debce7ef83afb0a07c0c576fd4f16e8", size = 477539, upload-time = "2026-07-12T05:08:30.298Z" }
wheels = [
    { url = "https://files.pythonhosted.org/packages/b7/b0/7ad8fa9aebb0835b2e20afebf1483cbe175d1612fe01e85042ce9ced8755/scikit_build_core-1.0.3-py3-none-any.whl", hash = "sha256:ae95427b7d3c14a6cf8bbfd4d901f6138ab64c99e20cbe8ea7d75cd26093f085", size = 278294, upload-time = "2026-07-12T05:08:28.725Z" },
]

[[package]]
name = "setuptools"
version = "84.0.0"
source = { registry = "https://pypi.org/simple" }
sdist = { url = "https://files.pythonhosted.org/packages/6d/44/f5da03a8ef95d369145c5bb53050e7877c9f3d312e128605fd9504829143/setuptools-84.0.0.tar.gz", hash = "sha256:f4695c21257f0d9b537ec2692c941d02ee143b7cc1276941349a546573b2ef73", size = 1168449, upload-time = "2026-08-08T18:27:58.365Z" }
wheels = [
    { url = "https://files.pythonhosted.org/packages/95/9c/c510029fc6ef33a6275cd2c5d3cecd6613dfd6aa401d57c54f1c18852ccf/setuptools-84.0.0-py3-none-any.whl", hash = "sha256:51a52592b3b99e102b609654876bd65f19f999935166d1352678931132b0c670", size = 818216, upload-time = "2026-08-08T18:27:56.719Z" },
]

[[package]]
name = "setuptools-scm"
version = "10.2.1"
source = { registry = "https://pypi.org/simple" }
dependencies = [
    { name = "packaging" },
    { name = "setuptools" },
    { name = "vcs-versioning" },
]
sdist = { url = "https://files.pythonhosted.org/packages/5d/b1/d0b97ffd2856a7d19c63024a89fb84813cb9d2ed7fa8fdbedf9e2f13a9ab/setuptools_scm-10.2.1.tar.gz", hash = "sha256:4fa7dd82cf8c800df59c9a288c90299b1657ff1ecfc3f5cc00287c5dbf5e27a9", size = 154237, upload-time = "2026-07-21T08:08:04.553Z" }
wheels = [
    { url = "https://files.pythonhosted.org/packages/c3/b4/02ac1d9833b882c87b3a4e82703e70eac4ab33d0d15fb123e60bb01f3bc1/setuptools_scm-10.2.1-py3-none-any.whl", hash = "sha256:b7c82f4102d389ee57dc66ccdb4f9b4bca3c40ba83b43f1f63d68ccd72db2580", size = 29078, upload-time = "2026-07-21T08:08:03.293Z" },
]

[[package]]
name = "vapoursynth"
version = "79"
source = { registry = "https://pypi.org/simple" }
sdist = { url = "https://files.pythonhosted.org/packages/2d/4d/bb7fcc7f304e7248cf6c83ec0c3c97ee4b4fa2e05bfbbe2a578a9b41fab9/vapoursynth-79.tar.gz", hash = "sha256:01311b79ef22334115f79a78a6d7548bd29f35cc903ee0cea12443d49e142eb1", size = 657038, upload-time = "2026-08-07T08:58:43.96Z" }
wheels = [
    { url = "https://files.pythonhosted.org/packages/68/a3/24c2f637f79f41551c72b6505ba008ba229a1fd7869f102cc77b86ce7bd6/vapoursynth-79-cp312-abi3-macosx_13_0_arm64.whl", hash = "sha256:ea2750319e31d099b4652a4a63f47db2c297c307f7567e3e9352b75158c7b37c", size = 1367869, upload-time = "2026-08-07T08:58:29.308Z" },
    { url = "https://files.pythonhosted.org/packages/91/09/40354f2a95db5a6462a6ca7d66481bc4970c6d3147c547b1d45b5eb35205/vapoursynth-79-cp312-abi3-macosx_13_0_x86_64.whl", hash = "sha256:64eb7309439407fec0e0f6771c1b6f954d08355c46cf0c56fb55e1ba68bb7f79", size = 4483430, upload-time = "2026-08-07T08:58:31.846Z" },
    { url = "https://files.pythonhosted.org/packages/39/b5/d329a044564c22beda6b31cd47f1814cbad29e71a77af1b304715614e628/vapoursynth-79-cp312-abi3-manylinux_2_27_aarch64.manylinux_2_28_aarch64.whl", hash = "sha256:50d031d07b1839ba362cf314e212edb0760c7ca2a7625a051a0bcbf22aaf9d1c", size = 1803612, upload-time = "2026-08-07T08:58:33.366Z" },
    { url = "https://files.pythonhosted.org/packages/c2/82/a4f5e879ff0bb6722ecbecf01482b0783ed05d42aefa7717e6a6f4f77180/vapoursynth-79-cp312-abi3-manylinux_2_27_x86_64.manylinux_2_28_x86_64.whl", hash = "sha256:6f1e37f0ed8eb73e61c3c231fd7f7a0f7acfa893e98d026686e9c81e52c9ce06", size = 4536724, upload-time = "2026-08-07T08:58:35.38Z" },
    { url = "https://files.pythonhosted.org/packages/b7/6f/1546d68b3eac2e83b48da4f8e5272eaec6360f84c7adbaf4fc25e3bb44c8/vapoursynth-79-cp312-abi3-musllinux_1_2_aarch64.whl", hash = "sha256:a780f425f1f102ddb8dd36bc54743f5747d0e08b7cb93eacce8b55eaeb56d555", size = 2585590, upload-time = "2026-08-07T08:58:37.338Z" },
    { url = "https://files.pythonhosted.org/packages/82/e7/8ae84da0b7500c5ed30d02b1c90d3a1beb454ef1965e18b803c8224e8aba/vapoursynth-79-cp312-abi3-musllinux_1_2_x86_64.whl", hash = "sha256:fd2172ecadbe79735c5068e65901d7a37c73488ead54880a305bc7866d2db9b7", size = 5363607, upload-time = "2026-08-07T08:58:39.15Z" },
    { url = "https://files.pythonhosted.org/packages/bc/e4/e551a29871be0e2f0378232e7f347b944b632fa23a42c056cfec53485f95/vapoursynth-79-cp312-abi3-win_amd64.whl", hash = "sha256:643d9708df7e98807a66d4e8804e2e9a1380af22bea2873387d8af103e69aa5b", size = 15157546, upload-time = "2026-08-07T08:58:41.525Z" },
]

[[package]]
name = "vapoursynth-nlm-ispc"
source = { editable = "." }
dependencies = [
    { name = "vapoursynth" },
]

[package.dev-dependencies]
dev = [
    { name = "cmake" },
    { name = "ninja" },
    { name = "scikit-build-core" },
    { name = "setuptools-scm" },
    { name = "vapoursynth" },
]

[package.metadata]
requires-dist = [{ name = "vapoursynth", specifier = ">=79" }]

[package.metadata.requires-dev]
dev = [
    { name = "cmake", specifier = ">=4.4.2" },
    { name = "ninja", specifier = ">=1.13.0" },
    { name = "scikit-build-core", specifier = ">=1.0.3" },
    { name = "setuptools-scm", specifier = ">=10.2.1" },
    { name = "vapoursynth", specifier = ">=79" },
]

[[package]]
name = "vcs-versioning"
version = "2.2.2"
source = { registry = "https://pypi.org/simple" }
dependencies = [
    { name = "packaging" },
]
sdist = { url = "https://files.pythonhosted.org/packages/09/95/c95bb74950763a163defcf4cedf6c5edfca1d623fd5031b76516ece85076/vcs_versioning-2.2.2.tar.gz", hash = "sha256:4ac4ded78720cdb4d0291ae58ace87e1e9201912e1023f3029c6cce5c9152cfb", size = 143135, upload-time = "2026-06-29T13:26:06.901Z" }
wheels = [
    { url = "https://files.pythonhosted.org/packages/85/9e/1f06f4ddc3a74ccfe0877490caaf4a5233e65401160afc8cb13207815f5e/vcs_versioning-2.2.2-py3-none-any.whl", hash = "sha256:fe7fb216f8780a5516e7864a9333aacb1b70015b087a9be3918da76ef2760808", size = 108014, upload-time = "2026-06-29T13:26:05.367Z" },
]
